
Microsoft Visual Studio Solution File, Format Version 12.00
# Visual Studio Version 17
VisualStudioVersion = 17.6.33829.357
MinimumVisualStudioVersion = 10.0.40219.1
Project("{FAE04EC0-301F-11D3-BF4B-00C04F79EFBC}") = "Student_Jquery", "Student_Jquery.csproj", "{5C978575-5897-4E40-8B33-B648B28E9713}"
EndProject
Global
	GlobalSection(SolutionConfigurationPlatforms) = preSolution
		Debug|Any CPU = Debug|Any CPU
		Release|Any CPU = Release|Any CPU
	EndGlobalSection
	GlobalSection(ProjectConfigurationPlatforms) = postSolution
		{5C978575-5897-4E40-8B33-B648B28E9713}.Debug|Any CPU.ActiveCfg = Debug|Any CPU
		{5C978575-5897-4E40-8B33-B648B28E9713}.Debug|Any CPU.Build.0 = Debug|Any CPU
		{5C978575-5897-4E40-8B33-B648B28E9713}.Release|Any CPU.ActiveCfg = Release|Any CPU
		{5C978575-5897-4E40-8B33-B648B28E9713}.Release|Any CPU.Build.0 = Release|Any CPU
	EndGlobalSection
	GlobalSection(SolutionProperties) = preSolution
		HideSolutionNode = FALSE
	EndGlobalSection
	GlobalSection(ExtensibilityGlobals) = postSolution
		SolutionGuid = {116F5DFE-405D-4ADC-806E-93279596F0F5}
	EndGlobalSection
EndGlobal
